// !$*UTF8*$!
{
	archiveVersion = 1;
	classes = {
	};
	objectVersion = 46;
	objects = {

/* Begin PBXBuildFile section */
		8234C1481A6E26800098F0E1 /* libAFNetworking.a in Frameworks */ = {isa = PBXBuildFile; fileRef = 8234C1431A6E26800098F0E1 /* libAFNetworking.a */; };
		8234C1491A6E26800098F0E1 /* libISO8601DateFormatter.a in Frameworks */ = {isa = PBXBuildFile; fileRef = 8234C1441A6E26800098F0E1 /* libISO8601DateFormatter.a */; };
		8234C14A1A6E26800098F0E1 /* libMantle-iOS.a in Frameworks */ = {isa = PBXBuildFile; fileRef = 8234C1451A6E26800098F0E1 /* libMantle-iOS.a */; };
		8234C14B1A6E26800098F0E1 /* libOctoKit.a in Frameworks */ = {isa = PBXBuildFile; fileRef = 8234C1461A6E26800098F0E1 /* libOctoKit.a */; };
		8234C14C1A6E26800098F0E1 /* libReactiveCocoa-iOS.a in Frameworks */ = {isa = PBXBuildFile; fileRef = 8234C1471A6E26800098F0E1 /* libReactiveCocoa-iOS.a */; };
		8239249D1A66B29C00AEC910 /* main.m in Sources */ = {isa = PBXBuildFile; fileRef = 8239249C1A66B29C00AEC910 /* main.m */; };
		823924A01A66B29C00AEC910 /* AppDelegate.m in Sources */ = {isa = PBXBuildFile; fileRef = 8239249F1A66B29C00AEC910 /* AppDelegate.m */; };
		823924A31A66B29C00AEC910 /* FirstViewController.m in Sources */ = {isa = PBXBuildFile; fileRef = 823924A21A66B29C00AEC910 /* FirstViewController.m */; };
		823924A61A66B29C00AEC910 /* SecondViewController.m in Sources */ = {isa = PBXBuildFile; fileRef = 823924A51A66B29C00AEC910 /* SecondViewController.m */; };
		823924A91A66B29C00AEC910 /* Main.storyboard in Resources */ = {isa = PBXBuildFile; fileRef = 823924A71A66B29C00AEC910 /* Main.storyboard */; };
		823924AB1A66B29C00AEC910 /* Images.xcassets in Resources */ = {isa = PBXBuildFile; fileRef = 823924AA1A66B29C00AEC910 /* Images.xcassets */; };
		823924BA1A66B29C00AEC910 /* OhMyGistTests.m in Sources */ = {isa = PBXBuildFile; fileRef = 823924B91A66B29C00AEC910 /* OhMyGistTests.m */; };
		823924C41A66B48300AEC910 /* Default-568h@2x.png in Resources */ = {isa = PBXBuildFile; fileRef = 823924C31A66B48300AEC910 /* Default-568h@2x.png */; };
		823925DE1A66BE2600AEC910 /* FGNetworkClient.m in Sources */ = {isa = PBXBuildFile; fileRef = 823925DD1A66BE2600AEC910 /* FGNetworkClient.m */; };
/* End PBXBuildFile section */

/* Begin PBXContainerItemProxy section */
		823924B41A66B29C00AEC910 /* PBXContainerItemProxy */ = {
			isa = PBXContainerItemProxy;
			containerPortal = 8239248F1A66B29C00AEC910 /* Project object */;
			proxyType = 1;
			remoteGlobalIDString = 823924961A66B29C00AEC910;
			remoteInfo = OhMyGist;
		};
/* End PBXContainerItemProxy section */

/* Begin PBXFileReference section */
		8234C0A61A6E26030098F0E1 /* AFHTTPClient.h */ = {isa = PBXFileReference; fileEncoding = 4; lastKnownFileType = sourcecode.c.h; path = AFHTTPClient.h; sourceTree = "<group>"; };
		8234C0A71A6E26030098F0E1 /* AFHTTPRequestOperation.h */ = {isa = PBXFileReference; fileEncoding = 4; lastKnownFileType = sourcecode.c.h; path = AFHTTPRequestOperation.h; sourceTree = "<group>"; };
		8234C0A81A6E26030098F0E1 /* AFImageRequestOperation.h */ = {isa = PBXFileReference; fileEncoding = 4; lastKnownFileType = sourcecode.c.h; path = AFImageRequestOperation.h; sourceTree = "<group>"; };
		8234C0A91A6E26030098F0E1 /* AFJSONRequestOperation.h */ = {isa = PBXFileReference; fileEncoding = 4; lastKnownFileType = sourcecode.c.h; path = AFJSONRequestOperation.h; sourceTree = "<group>"; };
		8234C0AA1A6E26030098F0E1 /* AFNetworkActivityIndicatorManager.h */ = {isa = PBXFileReference; fileEncoding = 4; lastKnownFileType = sourcecode.c.h; path = AFNetworkActivityIndicatorManager.h; sourceTree = "<group>"; };
		8234C0AB1A6E26030098F0E1 /* AFNetworking.h */ = {isa = PBXFileReference; fileEncoding = 4; lastKnownFileType = sourcecode.c.h; path = AFNetworking.h; sourceTree = "<group>"; };
		8234C0AC1A6E26030098F0E1 /* AFPropertyListRequestOperation.h */ = {isa = PBXFileReference; fileEncoding = 4; lastKnownFileType = sourcecode.c.h; path = AFPropertyListRequestOperation.h; sourceTree = "<group>"; };
		8234C0AD1A6E26030098F0E1 /* AFURLConnectionOperation.h */ = {isa = PBXFileReference; fileEncoding = 4; lastKnownFileType = sourcecode.c.h; path = AFURLConnectionOperation.h; sourceTree = "<group>"; };
		8234C0AE1A6E26030098F0E1 /* AFXMLRequestOperation.h */ = {isa = PBXFileReference; fileEncoding = 4; lastKnownFileType = sourcecode.c.h; path = AFXMLRequestOperation.h; sourceTree = "<group>"; };
		8234C0AF1A6E26030098F0E1 /* UIImageView+AFNetworking.h */ = {isa = PBXFileReference; fileEncoding = 4; lastKnownFileType = sourcecode.c.h; path = "UIImageView+AFNetworking.h"; sourceTree = "<group>"; };
		8234C0B11A6E26030098F0E1 /* ISO8601DateFormatter.h */ = {isa = PBXFileReference; fileEncoding = 4; lastKnownFileType = sourcecode.c.h; path = ISO8601DateFormatter.h; sourceTree = "<group>"; };
		8234C0B31A6E26030098F0E1 /* Mantle.h */ = {isa = PBXFileReference; fileEncoding = 4; lastKnownFileType = sourcecode.c.h; path = Mantle.h; sourceTree = "<group>"; };
		8234C0B41A6E26030098F0E1 /* MTLJSONAdapter.h */ = {isa = PBXFileReference; fileEncoding = 4; lastKnownFileType = sourcecode.c.h; path = MTLJSONAdapter.h; sourceTree = "<group>"; };
		8234C0B51A6E26030098F0E1 /* MTLManagedObjectAdapter.h */ = {isa = PBXFileReference; fileEncoding = 4; lastKnownFileType = sourcecode.c.h; path = MTLManagedObjectAdapter.h; sourceTree = "<group>"; };
		8234C0B61A6E26030098F0E1 /* MTLModel+NSCoding.h */ = {isa = PBXFileReference; fileEncoding = 4; lastKnownFileType = sourcecode.c.h; path = "MTLModel+NSCoding.h"; sourceTree = "<group>"; };
		8234C0B71A6E26030098F0E1 /* MTLModel.h */ = {isa = PBXFileReference; fileEncoding = 4; lastKnownFileType = sourcecode.c.h; path = MTLModel.h; sourceTree = "<group>"; };
		8234C0B81A6E26030098F0E1 /* MTLValueTransformer.h */ = {isa = PBXFileReference; fileEncoding = 4; lastKnownFileType = sourcecode.c.h; path = MTLValueTransformer.h; sourceTree = "<group>"; };
		8234C0B91A6E26030098F0E1 /* NSArray+MTLManipulationAdditions.h */ = {isa = PBXFileReference; fileEncoding = 4; lastKnownFileType = sourcecode.c.h; path = "NSArray+MTLManipulationAdditions.h"; sourceTree = "<group>"; };
		8234C0BA1A6E26030098F0E1 /* NSDictionary+MTLManipulationAdditions.h */ = {isa = PBXFileReference; fileEncoding = 4; lastKnownFileType = sourcecode.c.h; path = "NSDictionary+MTLManipulationAdditions.h"; sourceTree = "<group>"; };
		8234C0BB1A6E26030098F0E1 /* NSObject+MTLComparisonAdditions.h */ = {isa = PBXFileReference; fileEncoding = 4; lastKnownFileType = sourcecode.c.h; path = "NSObject+MTLComparisonAdditions.h"; sourceTree = "<group>"; };
		8234C0BC1A6E26030098F0E1 /* NSValueTransformer+MTLInversionAdditions.h */ = {isa = PBXFileReference; fileEncoding = 4; lastKnownFileType = sourcecode.c.h; path = "NSValueTransformer+MTLInversionAdditions.h"; sourceTree = "<group>"; };
		8234C0BD1A6E26030098F0E1 /* NSValueTransformer+MTLPredefinedTransformerAdditions.h */ = {isa = PBXFileReference; fileEncoding = 4; lastKnownFileType = sourcecode.c.h; path = "NSValueTransformer+MTLPredefinedTransformerAdditions.h"; sourceTree = "<group>"; };
		8234C0BF1A6E26030098F0E1 /* NSDateFormatter+OCTFormattingAdditions.h */ = {isa = PBXFileReference; fileEncoding = 4; lastKnownFileType = sourcecode.c.h; path = "NSDateFormatter+OCTFormattingAdditions.h"; sourceTree = "<group>"; };
		8234C0C01A6E26030098F0E1 /* NSURL+OCTQueryAdditions.h */ = {isa = PBXFileReference; fileEncoding = 4; lastKnownFileType = sourcecode.c.h; path = "NSURL+OCTQueryAdditions.h"; sourceTree = "<group>"; };
		8234C0C11A6E26030098F0E1 /* NSValueTransformer+OCTPredefinedTransformerAdditions.h */ = {isa = PBXFileReference; fileEncoding = 4; lastKnownFileType = sourcecode.c.h; path = "NSValueTransformer+OCTPredefinedTransformerAdditions.h"; sourceTree = "<group>"; };
		8234C0C21A6E26030098F0E1 /* OCTBranch.h */ = {isa = PBXFileReference; fileEncoding = 4; lastKnownFileType = sourcecode.c.h; path = OCTBranch.h; sourceTree = "<group>"; };
		8234C0C31A6E26030098F0E1 /* OCTClient+Activity.h */ = {isa = PBXFileReference; fileEncoding = 4; lastKnownFileType = sourcecode.c.h; path = "OCTClient+Activity.h"; sourceTree = "<group>"; };
		8234C0C41A6E26030098F0E1 /* OCTClient+Events.h */ = {isa = PBXFileReference; fileEncoding = 4; lastKnownFileType = sourcecode.c.h; path = "OCTClient+Events.h"; sourceTree = "<group>"; };
		8234C0C51A6E26030098F0E1 /* OCTClient+Gists.h */ = {isa = PBXFileReference; fileEncoding = 4; lastKnownFileType = sourcecode.c.h; path = "OCTClient+Gists.h"; sourceTree = "<group>"; };
		8234C0C61A6E26030098F0E1 /* OCTClient+Git.h */ = {isa = PBXFileReference; fileEncoding = 4; lastKnownFileType = sourcecode.c.h; path = "OCTClient+Git.h"; sourceTree = "<group>"; };
		8234C0C71A6E26030098F0E1 /* OCTClient+Keys.h */ = {isa = PBXFileReference; fileEncoding = 4; lastKnownFileType = sourcecode.c.h; path = "OCTClient+Keys.h"; sourceTree = "<group>"; };
		8234C0C81A6E26030098F0E1 /* OCTClient+Notifications.h */ = {isa = PBXFileReference; fileEncoding = 4; lastKnownFileType = sourcecode.c.h; path = "OCTClient+Notifications.h"; sourceTree = "<group>"; };
		8234C0C91A6E26030098F0E1 /* OCTClient+Organizations.h */ = {isa = PBXFileReference; fileEncoding = 4; lastKnownFileType = sourcecode.c.h; path = "OCTClient+Organizations.h"; sourceTree = "<group>"; };
		8234C0CA1A6E26030098F0E1 /* OCTClient+Repositories.h */ = {isa = PBXFileReference; fileEncoding = 4; lastKnownFileType = sourcecode.c.h; path = "OCTClient+Repositories.h"; sourceTree = "<group>"; };
		8234C0CB1A6E26030098F0E1 /* OCTClient+User.h */ = {isa = PBXFileReference; fileEncoding = 4; lastKnownFileType = sourcecode.c.h; path = "OCTClient+User.h"; sourceTree = "<group>"; };
		8234C0CC1A6E26030098F0E1 /* OCTClient.h */ = {isa = PBXFileReference; fileEncoding = 4; lastKnownFileType = sourcecode.c.h; path = OCTClient.h; sourceTree = "<group>"; };
		8234C0CD1A6E26030098F0E1 /* OCTComment.h */ = {isa = PBXFileReference; fileEncoding = 4; lastKnownFileType = sourcecode.c.h; path = OCTComment.h; sourceTree = "<group>"; };
		8234C0CE1A6E26030098F0E1 /* OCTCommit.h */ = {isa = PBXFileReference; fileEncoding = 4; lastKnownFileType = sourcecode.c.h; path = OCTCommit.h; sourceTree = "<group>"; };
		8234C0CF1A6E26030098F0E1 /* OCTCommitComment.h */ = {isa = PBXFileReference; fileEncoding = 4; lastKnownFileType = sourcecode.c.h; path = OCTCommitComment.h; sourceTree = "<group>"; };
		8234C0D01A6E26030098F0E1 /* OCTCommitCommentEvent.h */ = {isa = PBXFileReference; fileEncoding = 4; lastKnownFileType = sourcecode.c.h; path = OCTCommitCommentEvent.h; sourceTree = "<group>"; };
		8234C0D11A6E26030098F0E1 /* OCTContent.h */ = {isa = PBXFileReference; fileEncoding = 4; lastKnownFileType = sourcecode.c.h; path = OCTContent.h; sourceTree = "<group>"; };
		8234C0D21A6E26030098F0E1 /* OCTDirectoryContent.h */ = {isa = PBXFileReference; fileEncoding = 4; lastKnownFileType = sourcecode.c.h; path = OCTDirectoryContent.h; sourceTree = "<group>"; };
		8234C0D31A6E26030098F0E1 /* OCTEntity.h */ = {isa = PBXFileReference; fileEncoding = 4; lastKnownFileType = sourcecode.c.h; path = OCTEntity.h; sourceTree = "<group>"; };
		8234C0D41A6E26030098F0E1 /* OCTEvent.h */ = {isa = PBXFileReference; fileEncoding = 4; lastKnownFileType = sourcecode.c.h; path = OCTEvent.h; sourceTree = "<group>"; };
		8234C0D51A6E26030098F0E1 /* OCTFileContent.h */ = {isa = PBXFileReference; fileEncoding = 4; lastKnownFileType = sourcecode.c.h; path = OCTFileContent.h; sourceTree = "<group>"; };
		8234C0D61A6E26030098F0E1 /* OCTGist.h */ = {isa = PBXFileReference; fileEncoding = 4; lastKnownFileType = sourcecode.c.h; path = OCTGist.h; sourceTree = "<group>"; };
		8234C0D71A6E26030098F0E1 /* OCTGistFile.h */ = {isa = PBXFileReference; fileEncoding = 4; lastKnownFileType = sourcecode.c.h; path = OCTGistFile.h; sourceTree = "<group>"; };
		8234C0D81A6E26030098F0E1 /* OCTGitCommit.h */ = {isa = PBXFileReference; fileEncoding = 4; lastKnownFileType = sourcecode.c.h; path = OCTGitCommit.h; sourceTree = "<group>"; };
		8234C0D91A6E26030098F0E1 /* OCTGitCommitFile.h */ = {isa = PBXFileReference; fileEncoding = 4; lastKnownFileType = sourcecode.c.h; path = OCTGitCommitFile.h; sourceTree = "<group>"; };
		8234C0DA1A6E26030098F0E1 /* OCTIssue.h */ = {isa = PBXFileReference; fileEncoding = 4; lastKnownFileType = sourcecode.c.h; path = OCTIssue.h; sourceTree = "<group>"; };
		8234C0DB1A6E26030098F0E1 /* OCTIssueComment.h */ = {isa = PBXFileReference; fileEncoding = 4; lastKnownFileType = sourcecode.c.h; path = OCTIssueComment.h; sourceTree = "<group>"; };
		8234C0DC1A6E26030098F0E1 /* OCTIssueCommentEvent.h */ = {isa = PBXFileReference; fileEncoding = 4; lastKnownFileType = sourcecode.c.h; path = OCTIssueCommentEvent.h; sourceTree = "<group>"; };
		8234C0DD1A6E26030098F0E1 /* OCTIssueEvent.h */ = {isa = PBXFileReference; fileEncoding = 4; lastKnownFileType = sourcecode.c.h; path = OCTIssueEvent.h; sourceTree = "<group>"; };
		8234C0DE1A6E26030098F0E1 /* OCTNotification.h */ = {isa = PBXFileReference; fileEncoding = 4; lastKnownFileType = sourcecode.c.h; path = OCTNotification.h; sourceTree = "<group>"; };
		8234C0DF1A6E26030098F0E1 /* OCTObject.h */ = {isa = PBXFileReference; fileEncoding = 4; lastKnownFileType = sourcecode.c.h; path = OCTObject.h; sourceTree = "<group>"; };
		8234C0E01A6E26030098F0E1 /* OctoKit.h */ = {isa = PBXFileReference; fileEncoding = 4; lastKnownFileType = sourcecode.c.h; path = OctoKit.h; sourceTree = "<group>"; };
		8234C0E11A6E26030098F0E1 /* OCTOrganization.h */ = {isa = PBXFileReference; fileEncoding = 4; lastKnownFileType = sourcecode.c.h; path = OCTOrganization.h; sourceTree = "<group>"; };
		8234C0E21A6E26030098F0E1 /* OCTPlan.h */ = {isa = PBXFileReference; fileEncoding = 4; lastKnownFileType = sourcecode.c.h; path = OCTPlan.h; sourceTree = "<group>"; };
		8234C0E31A6E26030098F0E1 /* OCTPublicKey.h */ = {isa = PBXFileReference; fileEncoding = 4; lastKnownFileType = sourcecode.c.h; path = OCTPublicKey.h; sourceTree = "<group>"; };
		8234C0E41A6E26030098F0E1 /* OCTPullRequest.h */ = {isa = PBXFileReference; fileEncoding = 4; lastKnownFileType = sourcecode.c.h; path = OCTPullRequest.h; sourceTree = "<group>"; };
		8234C0E51A6E26030098F0E1 /* OCTPullRequestComment.h */ = {isa = PBXFileReference; fileEncoding = 4; lastKnownFileType = sourcecode.c.h; path = OCTPullRequestComment.h; sourceTree = "<group>"; };
		8234C0E61A6E26030098F0E1 /* OCTPullRequestCommentEvent.h */ = {isa = PBXFileReference; fileEncoding = 4; lastKnownFileType = sourcecode.c.h; path = OCTPullRequestCommentEvent.h; sourceTree = "<group>"; };
		8234C0E71A6E26030098F0E1 /* OCTPullRequestEvent.h */ = {isa = PBXFileReference; fileEncoding = 4; lastKnownFileType = sourcecode.c.h; path = OCTPullRequestEvent.h; sourceTree = "<group>"; };
		8234C0E81A6E26030098F0E1 /* OCTPushEvent.h */ = {isa = PBXFileReference; fileEncoding = 4; lastKnownFileType = sourcecode.c.h; path = OCTPushEvent.h; sourceTree = "<group>"; };
		8234C0E91A6E26030098F0E1 /* OCTRef.h */ = {isa = PBXFileReference; fileEncoding = 4; lastKnownFileType = sourcecode.c.h; path = OCTRef.h; sourceTree = "<group>"; };
		8234C0EA1A6E26030098F0E1 /* OCTRefEvent.h */ = {isa = PBXFileReference; fileEncoding = 4; lastKnownFileType = sourcecode.c.h; path = OCTRefEvent.h; sourceTree = "<group>"; };
		8234C0EB1A6E26030098F0E1 /* OCTRepository.h */ = {isa = PBXFileReference; fileEncoding = 4; lastKnownFileType = sourcecode.c.h; path = OCTRepository.h; sourceTree = "<group>"; };
		8234C0EC1A6E26030098F0E1 /* OCTResponse.h */ = {isa = PBXFileReference; fileEncoding = 4; lastKnownFileType = sourcecode.c.h; path = OCTResponse.h; sourceTree = "<group>"; };
		8234C0ED1A6E26030098F0E1 /* OCTReviewComment.h */ = {isa = PBXFileReference; fileEncoding = 4; lastKnownFileType = sourcecode.c.h; path = OCTReviewComment.h; sourceTree = "<group>"; };
		8234C0EE1A6E26030098F0E1 /* OCTServer.h */ = {isa = PBXFileReference; fileEncoding = 4; lastKnownFileType = sourcecode.c.h; path = OCTServer.h; sourceTree = "<group>"; };
		8234C0EF1A6E26030098F0E1 /* OCTServerMetadata.h */ = {isa = PBXFileReference; fileEncoding = 4; lastKnownFileType = sourcecode.c.h; path = OCTServerMetadata.h; sourceTree = "<group>"; };
		8234C0F01A6E26030098F0E1 /* OCTSubmoduleContent.h */ = {isa = PBXFileReference; fileEncoding = 4; lastKnownFileType = sourcecode.c.h; path = OCTSubmoduleContent.h; sourceTree = "<group>"; };
		8234C0F11A6E26030098F0E1 /* OCTSymlinkContent.h */ = {isa = PBXFileReference; fileEncoding = 4; lastKnownFileType = sourcecode.c.h; path = OCTSymlinkContent.h; sourceTree = "<group>"; };
		8234C0F21A6E26030098F0E1 /* OCTTeam.h */ = {isa = PBXFileReference; fileEncoding = 4; lastKnownFileType = sourcecode.c.h; path = OCTTeam.h; sourceTree = "<group>"; };
		8234C0F31A6E26030098F0E1 /* OCTTree.h */ = {isa = PBXFileReference; fileEncoding = 4; lastKnownFileType = sourcecode.c.h; path = OCTTree.h; sourceTree = "<group>"; };
		8234C0F41A6E26030098F0E1 /* OCTTreeEntry.h */ = {isa = PBXFileReference; fileEncoding = 4; lastKnownFileType = sourcecode.c.h; path = OCTTreeEntry.h; sourceTree = "<group>"; };
		8234C0F51A6E26030098F0E1 /* OCTUser.h */ = {isa = PBXFileReference; fileEncoding = 4; lastKnownFileType = sourcecode.c.h; path = OCTUser.h; sourceTree = "<group>"; };
		8234C0F61A6E26030098F0E1 /* RACSignal+OCTClientAdditions.h */ = {isa = PBXFileReference; fileEncoding = 4; lastKnownFileType = sourcecode.c.h; path = "RACSignal+OCTClientAdditions.h"; sourceTree = "<group>"; };
		8234C0F81A6E26030098F0E1 /* EXTKeyPathCoding.h */ = {isa = PBXFileReference; fileEncoding = 4; lastKnownFileType = sourcecode.c.h; path = EXTKeyPathCoding.h; sourceTree = "<group>"; };
		8234C0F91A6E26030098F0E1 /* EXTScope.h */ = {isa = PBXFileReference; fileEncoding = 4; lastKnownFileType = sourcecode.c.h; path = EXTScope.h; sourceTree = "<group>"; };
		8234C0FA1A6E26030098F0E1 /* metamacros.h */ = {isa = PBXFileReference; fileEncoding = 4; lastKnownFileType = sourcecode.c.h; path = metamacros.h; sourceTree = "<group>"; };
		8234C0FB1A6E26030098F0E1 /* NSArray+RACSequenceAdditions.h */ = {isa = PBXFileReference; fileEncoding = 4; lastKnownFileType = sourcecode.c.h; path = "NSArray+RACSequenceAdditions.h"; sourceTree = "<group>"; };
		8234C0FC1A6E26030098F0E1 /* NSData+RACSupport.h */ = {isa = PBXFileReference; fileEncoding = 4; lastKnownFileType = sourcecode.c.h; path = "NSData+RACSupport.h"; sourceTree = "<group>"; };
		8234C0FD1A6E26030098F0E1 /* NSDictionary+RACSequenceAdditions.h */ = {isa = PBXFileReference; fileEncoding = 4; lastKnownFileType = sourcecode.c.h; path = "NSDictionary+RACSequenceAdditions.h"; sourceTree = "<group>"; };
		8234C0FE1A6E26030098F0E1 /* NSEnumerator+RACSequenceAdditions.h */ = {isa = PBXFileReference; fileEncoding = 4; lastKnownFileType = sourcecode.c.h; path = "NSEnumerator+RACSequenceAdditions.h"; sourceTree = "<group>"; };
		8234C0FF1A6E26030098F0E1 /* NSFileHandle+RACSupport.h */ = {isa = PBXFileReference; fileEncoding = 4; lastKnownFileType = sourcecode.c.h; path = "NSFileHandle+RACSupport.h"; sourceTree = "<group>"; };
		8234C1001A6E26030098F0E1 /* NSIndexSet+RACSequenceAdditions.h */ = {isa = PBXFileReference; fileEncoding = 4; lastKnownFileType = sourcecode.c.h; path = "NSIndexSet+RACSequenceAdditions.h"; sourceTree = "<group>"; };
		8234C1011A6E26030098F0E1 /* NSNotificationCenter+RACSupport.h */ = {isa = PBXFileReference; fileEncoding = 4; lastKnownFileType = sourcecode.c.h; path = "NSNotificationCenter+RACSupport.h"; sourceTree = "<group>"; };
		8234C1021A6E26030098F0E1 /* NSObject+RACDeallocating.h */ = {isa = PBXFileReference; fileEncoding = 4; lastKnownFileType = sourcecode.c.h; path = "NSObject+RACDeallocating.h"; sourceTree = "<group>"; };
		8234C1031A6E26030098F0E1 /* NSObject+RACLifting.h */ = {isa = PBXFileReference; fileEncoding = 4; lastKnownFileType = sourcecode.c.h; path = "NSObject+RACLifting.h"; sourceTree = "<group>"; };
		8234C1041A6E26030098F0E1 /* NSObject+RACPropertySubscribing.h */ = {isa = PBXFileReference; fileEncoding = 4; lastKnownFileType = sourcecode.c.h; path = "NSObject+RACPropertySubscribing.h"; sourceTree = "<group>"; };
		8234C1051A6E26030098F0E1 /* NSObject+RACSelectorSignal.h */ = {isa = PBXFileReference; fileEncoding = 4; lastKnownFileType = sourcecode.c.h; path = "NSObject+RACSelectorSignal.h"; sourceTree = "<group>"; };
		8234C1061A6E26030098F0E1 /* NSOrderedSet+RACSequenceAdditions.h */ = {isa = PBXFileReference; fileEncoding = 4; lastKnownFileType = sourcecode.c.h; path = "NSOrderedSet+RACSequenceAdditions.h"; sourceTree = "<group>"; };
		8234C1071A6E26030098F0E1 /* NSSet+RACSequenceAdditions.h */ = {isa = PBXFileReference; fileEncoding = 4; lastKnownFileType = sourcecode.c.h; path = "NSSet+RACSequenceAdditions.h"; sourceTree = "<group>"; };
		8234C1081A6E26030098F0E1 /* NSString+RACSequenceAdditions.h */ = {isa = PBXFileReference; fileEncoding = 4; lastKnownFileType = sourcecode.c.h; path = "NSString+RACSequenceAdditions.h"; sourceTree = "<group>"; };
		8234C1091A6E26030098F0E1 /* NSString+RACSupport.h */ = {isa = PBXFileReference; fileEncoding = 4; lastKnownFileType = sourcecode.c.h; path = "NSString+RACSupport.h"; sourceTree = "<group>"; };
		8234C10A1A6E26030098F0E1 /* NSURLConnection+RACSupport.h */ = {isa = PBXFileReference; fileEncoding = 4; lastKnownFileType = sourcecode.c.h; path = "NSURLConnection+RACSupport.h"; sourceTree = "<group>"; };
		8234C10B1A6E26030098F0E1 /* NSUserDefaults+RACSupport.h */ = {isa = PBXFileReference; fileEncoding = 4; lastKnownFileType = sourcecode.c.h; path = "NSUserDefaults+RACSupport.h"; sourceTree = "<group>"; };
		8234C10C1A6E26030098F0E1 /* RACBacktrace.h */ = {isa = PBXFileReference; fileEncoding = 4; lastKnownFileType = sourcecode.c.h; path = RACBacktrace.h; sourceTree = "<group>"; };
		8234C10D1A6E26030098F0E1 /* RACBehaviorSubject.h */ = {isa = PBXFileReference; fileEncoding = 4; lastKnownFileType = sourcecode.c.h; path = RACBehaviorSubject.h; sourceTree = "<group>"; };
		8234C10E1A6E26030098F0E1 /* RACChannel.h */ = {isa = PBXFileReference; fileEncoding = 4; lastKnownFileType = sourcecode.c.h; path = RACChannel.h; sourceTree = "<group>"; };
		8234C10F1A6E26030098F0E1 /* RACCommand.h */ = {isa = PBXFileReference; fileEncoding = 4; lastKnownFileType = sourcecode.c.h; path = RACCommand.h; sourceTree = "<group>"; };
		8234C1101A6E26030098F0E1 /* RACCompoundDisposable.h */ = {isa = PBXFileReference; fileEncoding = 4; lastKnownFileType = sourcecode.c.h; path = RACCompoundDisposable.h; sourceTree = "<group>"; };
		8234C1111A6E26030098F0E1 /* RACDisposable.h */ = {isa = PBXFileReference; fileEncoding = 4; lastKnownFileType = sourcecode.c.h; path = RACDisposable.h; sourceTree = "<group>"; };
		8234C1121A6E26030098F0E1 /* RACEvent.h */ = {isa = PBXFileReference; fileEncoding = 4; lastKnownFileType = sourcecode.c.h; path = RACEvent.h; sourceTree = "<group>"; };
		8234C1131A6E26030098F0E1 /* RACGroupedSignal.h */ = {isa = PBXFileReference; fileEncoding = 4; lastKnownFileType = sourcecode.c.h; path = RACGroupedSignal.h; sourceTree = "<group>"; };
		8234C1141A6E26030098F0E1 /* RACKVOChannel.h */ = {isa = PBXFileReference; fileEncoding = 4; lastKnownFileType = sourcecode.c.h; path = RACKVOChannel.h; sourceTree = "<group>"; };
		8234C1151A6E26030098F0E1 /* RACMulticastConnection.h */ = {isa = PBXFileReference; fileEncoding = 4; lastKnownFileType = sourcecode.c.h; path = RACMulticastConnection.h; sourceTree = "<group>"; };
		8234C1161A6E26030098F0E1 /* RACQueueScheduler+Subclass.h */ = {isa = PBXFileReference; fileEncoding = 4; lastKnownFileType = sourcecode.c.h; path = "RACQueueScheduler+Subclass.h"; sourceTree = "<group>"; };
		8234C1171A6E26030098F0E1 /* RACQueueScheduler.h */ = {isa = PBXFileReference; fileEncoding = 4; lastKnownFileType = sourcecode.c.h; path = RACQueueScheduler.h; sourceTree = "<group>"; };
		8234C1181A6E26030098F0E1 /* RACReplaySubject.h */ = {isa = PBXFileReference; fileEncoding = 4; lastKnownFileType = sourcecode.c.h; path = RACReplaySubject.h; sourceTree = "<group>"; };
		8234C1191A6E26030098F0E1 /* RACScheduler.h */ = {isa = PBXFileReference; fileEncoding = 4; lastKnownFileType = sourcecode.c.h; path = RACScheduler.h; sourceTree = "<group>"; };
		8234C11A1A6E26030098F0E1 /* RACScopedDisposable.h */ = {isa = PBXFileReference; fileEncoding = 4; lastKnownFileType = sourcecode.c.h; path = RACScopedDisposable.h; sourceTree = "<group>"; };
		8234C11B1A6E26030098F0E1 /* RACSequence.h */ = {isa = PBXFileReference; fileEncoding = 4; lastKnownFileType = sourcecode.c.h; path = RACSequence.h; sourceTree = "<group>"; };
		8234C11C1A6E26030098F0E1 /* RACSerialDisposable.h */ = {isa = PBXFileReference; fileEncoding = 4; lastKnownFileType = sourcecode.c.h; path = RACSerialDisposable.h; sourceTree = "<group>"; };
		8234C11D1A6E26030098F0E1 /* RACSignal+Operations.h */ = {isa = PBXFileReference; fileEncoding = 4; lastKnownFileType = sourcecode.c.h; path = "RACSignal+Operations.h"; sourceTree = "<group>"; };
		8234C11E1A6E26030098F0E1 /* RACSignal.h */ = {isa = PBXFileReference; fileEncoding = 4; lastKnownFileType = sourcecode.c.h; path = RACSignal.h; sourceTree = "<group>"; };
		8234C11F1A6E26030098F0E1 /* RACStream.h */ = {isa = PBXFileReference; fileEncoding = 4; lastKnownFileType = sourcecode.c.h; path = RACStream.h; sourceTree = "<group>"; };
		8234C1201A6E26030098F0E1 /* RACSubject.h */ = {isa = PBXFileReference; fileEncoding = 4; lastKnownFileType = sourcecode.c.h; path = RACSubject.h; sourceTree = "<group>"; };
		8234C1211A6E26030098F0E1 /* RACSubscriber.h */ = {isa = PBXFileReference; fileEncoding = 4; lastKnownFileType = sourcecode.c.h; path = RACSubscriber.h; sourceTree = "<group>"; };
		8234C1221A6E26030098F0E1 /* RACSubscriptingAssignmentTrampoline.h */ = {isa = PBXFileReference; fileEncoding = 4; lastKnownFileType = sourcecode.c.h; path = RACSubscriptingAssignmentTrampoline.h; sourceTree = "<group>"; };
		8234C1231A6E26030098F0E1 /* RACTargetQueueScheduler.h */ = {isa = PBXFileReference; fileEncoding = 4; lastKnownFileType = sourcecode.c.h; path = RACTargetQueueScheduler.h; sourceTree = "<group>"; };
		8234C1241A6E26030098F0E1 /* RACTestScheduler.h */ = {isa = PBXFileReference; fileEncoding = 4; lastKnownFileType = sourcecode.c.h; path = RACTestScheduler.h; sourceTree = "<group>"; };
		8234C1251A6E26030098F0E1 /* RACTuple.h */ = {isa = PBXFileReference; fileEncoding = 4; lastKnownFileType = sourcecode.c.h; path = RACTuple.h; sourceTree = "<group>"; };
		8234C1261A6E26030098F0E1 /* RACUnit.h */ = {isa = PBXFileReference; fileEncoding = 4; lastKnownFileType = sourcecode.c.h; path = RACUnit.h; sourceTree = "<group>"; };
		8234C1271A6E26030098F0E1 /* ReactiveCocoa.h */ = {isa = PBXFileReference; fileEncoding = 4; lastKnownFileType = sourcecode.c.h; path = ReactiveCocoa.h; sourceTree = "<group>"; };
		8234C1281A6E26030098F0E1 /* UIActionSheet+RACSignalSupport.h */ = {isa = PBXFileReference; fileEncoding = 4; lastKnownFileType = sourcecode.c.h; path = "UIActionSheet+RACSignalSupport.h"; sourceTree = "<group>"; };
		8234C1291A6E26030098F0E1 /* UIAlertView+RACSignalSupport.h */ = {isa = PBXFileReference; fileEncoding = 4; lastKnownFileType = sourcecode.c.h; path = "UIAlertView+RACSignalSupport.h"; sourceTree = "<group>"; };
		8234C12A1A6E26030098F0E1 /* UIBarButtonItem+RACCommandSupport.h */ = {isa = PBXFileReference; fileEncoding = 4; lastKnownFileType = sourcecode.c.h; path = "UIBarButtonItem+RACCommandSupport.h"; sourceTree = "<group>"; };
		8234C12B1A6E26030098F0E1 /* UIButton+RACCommandSupport.h */ = {isa = PBXFileReference; fileEncoding = 4; lastKnownFileType = sourcecode.c.h; path = "UIButton+RACCommandSupport.h"; sourceTree = "<group>"; };
		8234C12C1A6E26030098F0E1 /* UICollectionReusableView+RACSignalSupport.h */ = {isa = PBXFileReference; fileEncoding = 4; lastKnownFileType = sourcecode.c.h; path = "UICollectionReusableView+RACSignalSupport.h"; sourceTree = "<group>"; };
		8234C12D1A6E26030098F0E1 /* UIControl+RACSignalSupport.h */ = {isa = PBXFileReference; fileEncoding = 4; lastKnownFileType = sourcecode.c.h; path = "UIControl+RACSignalSupport.h"; sourceTree = "<group>"; };
		8234C12E1A6E26030098F0E1 /* UIDatePicker+RACSignalSupport.h */ = {isa = PBXFileReference; fileEncoding = 4; lastKnownFileType = sourcecode.c.h; path = "UIDatePicker+RACSignalSupport.h"; sourceTree = "<group>"; };
		8234C12F1A6E26030098F0E1 /* UIGestureRecognizer+RACSignalSupport.h */ = {isa = PBXFileReference; fileEncoding = 4; lastKnownFileType = sourcecode.c.h; path = "UIGestureRecognizer+RACSignalSupport.h"; sourceTree = "<group>"; };
		8234C1301A6E26030098F0E1 /* UIRefreshControl+RACCommandSupport.h */ = {isa = PBXFileReference; fileEncoding = 4; lastKnownFileType = sourcecode.c.h; path = "UIRefreshControl+RACCommandSupport.h"; sourceTree = "<group>"; };
		8234C1311A6E26030098F0E1 /* UISegmentedControl+RACSignalSupport.h */ = {isa = PBXFileReference; fileEncoding = 4; lastKnownFileType = sourcecode.c.h; path = "UISegmentedControl+RACSignalSupport.h"; sourceTree = "<group>"; };
		8234C1321A6E26030098F0E1 /* UISlider+RACSignalSupport.h */ = {isa = PBXFileReference; fileEncoding = 4; lastKnownFileType = sourcecode.c.h; path = "UISlider+RACSignalSupport.h"; sourceTree = "<group>"; };
		8234C1331A6E26030098F0E1 /* UIStepper+RACSignalSupport.h */ = {isa = PBXFileReference; fileEncoding = 4; lastKnownFileType = sourcecode.c.h; path = "UIStepper+RACSignalSupport.h"; sourceTree = "<group>"; };
		8234C1341A6E26030098F0E1 /* UISwitch+RACSignalSupport.h */ = {isa = PBXFileReference; fileEncoding = 4; lastKnownFileType = sourcecode.c.h; path = "UISwitch+RACSignalSupport.h"; sourceTree = "<group>"; };
		8234C1351A6E26030098F0E1 /* UITableViewCell+RACSignalSupport.h */ = {isa = PBXFileReference; fileEncoding = 4; lastKnownFileType = sourcecode.c.h; path = "UITableViewCell+RACSignalSupport.h"; sourceTree = "<group>"; };
		8234C1361A6E26030098F0E1 /* UITableViewHeaderFooterView+RACSignalSupport.h */ = {isa = PBXFileReference; fileEncoding = 4; lastKnownFileType = sourcecode.c.h; path = "UITableViewHeaderFooterView+RACSignalSupport.h"; sourceTree = "<group>"; };
		8234C1371A6E26030098F0E1 /* UITextField+RACSignalSupport.h */ = {isa = PBXFileReference; fileEncoding = 4; lastKnownFileType = sourcecode.c.h; path = "UITextField+RACSignalSupport.h"; sourceTree = "<group>"; };
		8234C1381A6E26030098F0E1 /* UITextView+RACSignalSupport.h */ = {isa = PBXFileReference; fileEncoding = 4; lastKnownFileType = sourcecode.c.h; path = "UITextView+RACSignalSupport.h"; sourceTree = "<group>"; };
		8234C1431A6E26800098F0E1 /* libAFNetworking.a */ = {isa = PBXFileReference; lastKnownFileType = archive.ar; name = libAFNetworking.a; path = Products/libAFNetworking.a; sourceTree = SOURCE_ROOT; };
		8234C1441A6E26800098F0E1 /* libISO8601DateFormatter.a */ = {isa = PBXFileReference; lastKnownFileType = archive.ar; name = libISO8601DateFormatter.a; path = Products/libISO8601DateFormatter.a; sourceTree = SOURCE_ROOT; };
		8234C1451A6E26800098F0E1 /* libMantle-iOS.a */ = {isa = PBXFileReference; lastKnownFileType = archive.ar; name = "libMantle-iOS.a"; path = "Products/libMantle-iOS.a"; sourceTree = SOURCE_ROOT; };
		8234C1461A6E26800098F0E1 /* libOctoKit.a */ = {isa = PBXFileReference; lastKnownFileType = archive.ar; name = libOctoKit.a; path = Products/libOctoKit.a; sourceTree = SOURCE_ROOT; };
		8234C1471A6E26800098F0E1 /* libReactiveCocoa-iOS.a */ = {isa = PBXFileReference; lastKnownFileType = archive.ar; name = "libReactiveCocoa-iOS.a"; path = "Products/libReactiveCocoa-iOS.a"; sourceTree = SOURCE_ROOT; };
		823924971A66B29C00AEC910 /* OhMyGist.app */ = {isa = PBXFileReference; explicitFileType = wrapper.application; includeInIndex = 0; path = OhMyGist.app; sourceTree = BUILT_PRODUCTS_DIR; };
		8239249B1A66B29C00AEC910 /* Info.plist */ = {isa = PBXFileReference; lastKnownFileType = text.plist.xml; path = Info.plist; sourceTree = "<group>"; };
		8239249C1A66B29C00AEC910 /* main.m */ = {isa = PBXFileReference; lastKnownFileType = sourcecode.c.objc; path = main.m; sourceTree = "<group>"; };
		8239249E1A66B29C00AEC910 /* AppDelegate.h */ = {isa = PBXFileReference; lastKnownFileType = sourcecode.c.h; path = AppDelegate.h; sourceTree = "<group>"; };
		8239249F1A66B29C00AEC910 /* AppDelegate.m */ = {isa = PBXFileReference; lastKnownFileType = sourcecode.c.objc; path = AppDelegate.m; sourceTree = "<group>"; };
		823924A11A66B29C00AEC910 /* FirstViewController.h */ = {isa = PBXFileReference; lastKnownFileType = sourcecode.c.h; path = FirstViewController.h; sourceTree = "<group>"; };
		823924A21A66B29C00AEC910 /* FirstViewController.m */ = {isa = PBXFileReference; lastKnownFileType = sourcecode.c.objc; path = FirstViewController.m; sourceTree = "<group>"; };
		823924A41A66B29C00AEC910 /* SecondViewController.h */ = {isa = PBXFileReference; lastKnownFileType = sourcecode.c.h; path = SecondViewController.h; sourceTree = "<group>"; };
		823924A51A66B29C00AEC910 /* SecondViewController.m */ = {isa = PBXFileReference; lastKnownFileType = sourcecode.c.objc; path = SecondViewController.m; sourceTree = "<group>"; };
		823924A81A66B29C00AEC910 /* Base */ = {isa = PBXFileReference; lastKnownFileType = file.storyboard; name = Base; path = Base.lproj/Main.storyboard; sourceTree = "<group>"; };
		823924AA1A66B29C00AEC910 /* Images.xcassets */ = {isa = PBXFileReference; lastKnownFileType = folder.assetcatalog; path = Images.xcassets; sourceTree = "<group>"; };
		823924B31A66B29C00AEC910 /* OhMyGistTests.xctest */ = {isa = PBXFileReference; explicitFileType = wrapper.cfbundle; includeInIndex = 0; path = OhMyGistTests.xctest; sourceTree = BUILT_PRODUCTS_DIR; };
		823924B81A66B29C00AEC910 /* Info.plist */ = {isa = PBXFileReference; lastKnownFileType = text.plist.xml; path = Info.plist; sourceTree = "<group>"; };
		823924B91A66B29C00AEC910 /* OhMyGistTests.m */ = {isa = PBXFileReference; lastKnownFileType = sourcecode.c.objc; path = OhMyGistTests.m; sourceTree = "<group>"; };
		823924C31A66B48300AEC910 /* Default-568h@2x.png */ = {isa = PBXFileReference; lastKnownFileType = image.png; path = "Default-568h@2x.png"; sourceTree = "<group>"; };
		823925DC1A66BE2600AEC910 /* FGNetworkClient.h */ = {isa = PBXFileReference; fileEncoding = 4; lastKnownFileType = sourcecode.c.h; path = FGNetworkClient.h; sourceTree = "<group>"; };
		823925DD1A66BE2600AEC910 /* FGNetworkClient.m */ = {isa = PBXFileReference; fileEncoding = 4; lastKnownFileType = sourcecode.c.objc; path = FGNetworkClient.m; sourceTree = "<group>"; };
/* End PBXFileReference section */

/* Begin PBXFrameworksBuildPhase section */
		823924941A66B29C00AEC910 /* Frameworks */ = {
			isa = PBXFrameworksBuildPhase;
			buildActionMask = 2147483647;
			files = (
				8234C14A1A6E26800098F0E1 /* libMantle-iOS.a in Frameworks */,
				8234C1481A6E26800098F0E1 /* libAFNetworking.a in Frameworks */,
				8234C1491A6E26800098F0E1 /* libISO8601DateFormatter.a in Frameworks */,
				8234C14C1A6E26800098F0E1 /* libReactiveCocoa-iOS.a in Frameworks */,
				8234C14B1A6E26800098F0E1 /* libOctoKit.a in Frameworks */,
			);
			runOnlyForDeploymentPostprocessing = 0;
		};
		823924B01A66B29C00AEC910 /* Frameworks */ = {
			isa = PBXFrameworksBuildPhase;
			buildActionMask = 2147483647;
			files = (
			);
			runOnlyForDeploymentPostprocessing = 0;
		};
/* End PBXFrameworksBuildPhase section */

/* Begin PBXGroup section */
		8234C0A51A6E26030098F0E1 /* AFNetworking */ = {
			isa = PBXGroup;
			children = (
				8234C0A61A6E26030098F0E1 /* AFHTTPClient.h */,
				8234C0A71A6E26030098F0E1 /* AFHTTPRequestOperation.h */,
				8234C0A81A6E26030098F0E1 /* AFImageRequestOperation.h */,
				8234C0A91A6E26030098F0E1 /* AFJSONRequestOperation.h */,
				8234C0AA1A6E26030098F0E1 /* AFNetworkActivityIndicatorManager.h */,
				8234C0AB1A6E26030098F0E1 /* AFNetworking.h */,
				8234C0AC1A6E26030098F0E1 /* AFPropertyListRequestOperation.h */,
				8234C0AD1A6E26030098F0E1 /* AFURLConnectionOperation.h */,
				8234C0AE1A6E26030098F0E1 /* AFXMLRequestOperation.h */,
				8234C0AF1A6E26030098F0E1 /* UIImageView+AFNetworking.h */,
			);
			name = AFNetworking;
			path = "Products/Release-iphoneos/include/AFNetworking";
			sourceTree = SOURCE_ROOT;
		};
		8234C0B01A6E26030098F0E1 /* ISO8601DateFormatter */ = {
			isa = PBXGroup;
			children = (
				8234C0B11A6E26030098F0E1 /* ISO8601DateFormatter.h */,
			);
			name = ISO8601DateFormatter;
			path = "Products/Release-iphoneos/include/ISO8601DateFormatter";
			sourceTree = SOURCE_ROOT;
		};
		8234C0B21A6E26030098F0E1 /* Mantle */ = {
			isa = PBXGroup;
			children = (
				8234C0B31A6E26030098F0E1 /* Mantle.h */,
				8234C0B41A6E26030098F0E1 /* MTLJSONAdapter.h */,
				8234C0B51A6E26030098F0E1 /* MTLManagedObjectAdapter.h */,
				8234C0B61A6E26030098F0E1 /* MTLModel+NSCoding.h */,
				8234C0B71A6E26030098F0E1 /* MTLModel.h */,
				8234C0B81A6E26030098F0E1 /* MTLValueTransformer.h */,
				8234C0B91A6E26030098F0E1 /* NSArray+MTLManipulationAdditions.h */,
				8234C0BA1A6E26030098F0E1 /* NSDictionary+MTLManipulationAdditions.h */,
				8234C0BB1A6E26030098F0E1 /* NSObject+MTLComparisonAdditions.h */,
				8234C0BC1A6E26030098F0E1 /* NSValueTransformer+MTLInversionAdditions.h */,
				8234C0BD1A6E26030098F0E1 /* NSValueTransformer+MTLPredefinedTransformerAdditions.h */,
			);
			name = Mantle;
			path = "Products/Release-iphoneos/include/Mantle";
			sourceTree = SOURCE_ROOT;
		};
		8234C0BE1A6E26030098F0E1 /* OctoKit */ = {
			isa = PBXGroup;
			children = (
				8234C0BF1A6E26030098F0E1 /* NSDateFormatter+OCTFormattingAdditions.h */,
				8234C0C01A6E26030098F0E1 /* NSURL+OCTQueryAdditions.h */,
				8234C0C11A6E26030098F0E1 /* NSValueTransformer+OCTPredefinedTransformerAdditions.h */,
				8234C0C21A6E26030098F0E1 /* OCTBranch.h */,
				8234C0C31A6E26030098F0E1 /* OCTClient+Activity.h */,
				8234C0C41A6E26030098F0E1 /* OCTClient+Events.h */,
				8234C0C51A6E26030098F0E1 /* OCTClient+Gists.h */,
				8234C0C61A6E26030098F0E1 /* OCTClient+Git.h */,
				8234C0C71A6E26030098F0E1 /* OCTClient+Keys.h */,
				8234C0C81A6E26030098F0E1 /* OCTClient+Notifications.h */,
				8234C0C91A6E26030098F0E1 /* OCTClient+Organizations.h */,
				8234C0CA1A6E26030098F0E1 /* OCTClient+Repositories.h */,
				8234C0CB1A6E26030098F0E1 /* OCTClient+User.h */,
				8234C0CC1A6E26030098F0E1 /* OCTClient.h */,
				8234C0CD1A6E26030098F0E1 /* OCTComment.h */,
				8234C0CE1A6E26030098F0E1 /* OCTCommit.h */,
				8234C0CF1A6E26030098F0E1 /* OCTCommitComment.h */,
				8234C0D01A6E26030098F0E1 /* OCTCommitCommentEvent.h */,
				8234C0D11A6E26030098F0E1 /* OCTContent.h */,
				8234C0D21A6E26030098F0E1 /* OCTDirectoryContent.h */,
				8234C0D31A6E26030098F0E1 /* OCTEntity.h */,
				8234C0D41A6E26030098F0E1 /* OCTEvent.h */,
				8234C0D51A6E26030098F0E1 /* OCTFileContent.h */,
				8234C0D61A6E26030098F0E1 /* OCTGist.h */,
				8234C0D71A6E26030098F0E1 /* OCTGistFile.h */,
				8234C0D81A6E26030098F0E1 /* OCTGitCommit.h */,
				8234C0D91A6E26030098F0E1 /* OCTGitCommitFile.h */,
				8234C0DA1A6E26030098F0E1 /* OCTIssue.h */,
				8234C0DB1A6E26030098F0E1 /* OCTIssueComment.h */,
				8234C0DC1A6E26030098F0E1 /* OCTIssueCommentEvent.h */,
				8234C0DD1A6E26030098F0E1 /* OCTIssueEvent.h */,
				8234C0DE1A6E26030098F0E1 /* OCTNotification.h */,
				8234C0DF1A6E26030098F0E1 /* OCTObject.h */,
				8234C0E01A6E26030098F0E1 /* OctoKit.h */,
				8234C0E11A6E26030098F0E1 /* OCTOrganization.h */,
				8234C0E21A6E26030098F0E1 /* OCTPlan.h */,
				8234C0E31A6E26030098F0E1 /* OCTPublicKey.h */,
				8234C0E41A6E26030098F0E1 /* OCTPullRequest.h */,
				8234C0E51A6E26030098F0E1 /* OCTPullRequestComment.h */,
				8234C0E61A6E26030098F0E1 /* OCTPullRequestCommentEvent.h */,
				8234C0E71A6E26030098F0E1 /* OCTPullRequestEvent.h */,
				8234C0E81A6E26030098F0E1 /* OCTPushEvent.h */,
				8234C0E91A6E26030098F0E1 /* OCTRef.h */,
				8234C0EA1A6E26030098F0E1 /* OCTRefEvent.h */,
				8234C0EB1A6E26030098F0E1 /* OCTRepository.h */,
				8234C0EC1A6E26030098F0E1 /* OCTResponse.h */,
				8234C0ED1A6E26030098F0E1 /* OCTReviewComment.h */,
				8234C0EE1A6E26030098F0E1 /* OCTServer.h */,
				8234C0EF1A6E26030098F0E1 /* OCTServerMetadata.h */,
				8234C0F01A6E26030098F0E1 /* OCTSubmoduleContent.h */,
				8234C0F11A6E26030098F0E1 /* OCTSymlinkContent.h */,
				8234C0F21A6E26030098F0E1 /* OCTTeam.h */,
				8234C0F31A6E26030098F0E1 /* OCTTree.h */,
				8234C0F41A6E26030098F0E1 /* OCTTreeEntry.h */,
				8234C0F51A6E26030098F0E1 /* OCTUser.h */,
				8234C0F61A6E26030098F0E1 /* RACSignal+OCTClientAdditions.h */,
			);
			name = OctoKit;
			path = "Products/Release-iphoneos/include/OctoKit";
			sourceTree = SOURCE_ROOT;
		};
		8234C0F71A6E26030098F0E1 /* ReactiveCocoa */ = {
			isa = PBXGroup;
			children = (
				8234C0F81A6E26030098F0E1 /* EXTKeyPathCoding.h */,
				8234C0F91A6E26030098F0E1 /* EXTScope.h */,
				8234C0FA1A6E26030098F0E1 /* metamacros.h */,
				8234C0FB1A6E26030098F0E1 /* NSArray+RACSequenceAdditions.h */,
				8234C0FC1A6E26030098F0E1 /* NSData+RACSupport.h */,
				8234C0FD1A6E26030098F0E1 /* NSDictionary+RACSequenceAdditions.h */,
				8234C0FE1A6E26030098F0E1 /* NSEnumerator+RACSequenceAdditions.h */,
				8234C0FF1A6E26030098F0E1 /* NSFileHandle+RACSupport.h */,
				8234C1001A6E26030098F0E1 /* NSIndexSet+RACSequenceAdditions.h */,
				8234C1011A6E26030098F0E1 /* NSNotificationCenter+RACSupport.h */,
				8234C1021A6E26030098F0E1 /* NSObject+RACDeallocating.h */,
				8234C1031A6E26030098F0E1 /* NSObject+RACLifting.h */,
				8234C1041A6E26030098F0E1 /* NSObject+RACPropertySubscribing.h */,
				8234C1051A6E26030098F0E1 /* NSObject+RACSelectorSignal.h */,
				8234C1061A6E26030098F0E1 /* NSOrderedSet+RACSequenceAdditions.h */,
				8234C1071A6E26030098F0E1 /* NSSet+RACSequenceAdditions.h */,
				8234C1081A6E26030098F0E1 /* NSString+RACSequenceAdditions.h */,
				8234C1091A6E26030098F0E1 /* NSString+RACSupport.h */,
				8234C10A1A6E26030098F0E1 /* NSURLConnection+RACSupport.h */,
				8234C10B1A6E26030098F0E1 /* NSUserDefaults+RACSupport.h */,
				8234C10C1A6E26030098F0E1 /* RACBacktrace.h */,
				8234C10D1A6E26030098F0E1 /* RACBehaviorSubject.h */,
				8234C10E1A6E26030098F0E1 /* RACChannel.h */,
				8234C10F1A6E26030098F0E1 /* RACCommand.h */,
				8234C1101A6E26030098F0E1 /* RACCompoundDisposable.h */,
				8234C1111A6E26030098F0E1 /* RACDisposable.h */,
				8234C1121A6E26030098F0E1 /* RACEvent.h */,
				8234C1131A6E26030098F0E1 /* RACGroupedSignal.h */,
				8234C1141A6E26030098F0E1 /* RACKVOChannel.h */,
				8234C1151A6E26030098F0E1 /* RACMulticastConnection.h */,
				8234C1161A6E26030098F0E1 /* RACQueueScheduler+Subclass.h */,
				8234C1171A6E26030098F0E1 /* RACQueueScheduler.h */,
				8234C1181A6E26030098F0E1 /* RACReplaySubject.h */,
				8234C1191A6E26030098F0E1 /* RACScheduler.h */,
				8234C11A1A6E26030098F0E1 /* RACScopedDisposable.h */,
				8234C11B1A6E26030098F0E1 /* RACSequence.h */,
				8234C11C1A6E26030098F0E1 /* RACSerialDisposable.h */,
				8234C11D1A6E26030098F0E1 /* RACSignal+Operations.h */,
				8234C11E1A6E26030098F0E1 /* RACSignal.h */,
				8234C11F1A6E26030098F0E1 /* RACStream.h */,
				8234C1201A6E26030098F0E1 /* RACSubject.h */,
				8234C1211A6E26030098F0E1 /* RACSubscriber.h */,
				8234C1221A6E26030098F0E1 /* RACSubscriptingAssignmentTrampoline.h */,
				8234C1231A6E26030098F0E1 /* RACTargetQueueScheduler.h */,
				8234C1241A6E26030098F0E1 /* RACTestScheduler.h */,
				8234C1251A6E26030098F0E1 /* RACTuple.h */,
				8234C1261A6E26030098F0E1 /* RACUnit.h */,
				8234C1271A6E26030098F0E1 /* ReactiveCocoa.h */,
				8234C1281A6E26030098F0E1 /* UIActionSheet+RACSignalSupport.h */,
				8234C1291A6E26030098F0E1 /* UIAlertView+RACSignalSupport.h */,
				8234C12A1A6E26030098F0E1 /* UIBarButtonItem+RACCommandSupport.h */,
				8234C12B1A6E26030098F0E1 /* UIButton+RACCommandSupport.h */,
				8234C12C1A6E26030098F0E1 /* UICollectionReusableView+RACSignalSupport.h */,
				8234C12D1A6E26030098F0E1 /* UIControl+RACSignalSupport.h */,
				8234C12E1A6E26030098F0E1 /* UIDatePicker+RACSignalSupport.h */,
				8234C12F1A6E26030098F0E1 /* UIGestureRecognizer+RACSignalSupport.h */,
				8234C1301A6E26030098F0E1 /* UIRefreshControl+RACCommandSupport.h */,
				8234C1311A6E26030098F0E1 /* UISegmentedControl+RACSignalSupport.h */,
				8234C1321A6E26030098F0E1 /* UISlider+RACSignalSupport.h */,
				8234C1331A6E26030098F0E1 /* UIStepper+RACSignalSupport.h */,
				8234C1341A6E26030098F0E1 /* UISwitch+RACSignalSupport.h */,
				8234C1351A6E26030098F0E1 /* UITableViewCell+RACSignalSupport.h */,
				8234C1361A6E26030098F0E1 /* UITableViewHeaderFooterView+RACSignalSupport.h */,
				8234C1371A6E26030098F0E1 /* UITextField+RACSignalSupport.h */,
				8234C1381A6E26030098F0E1 /* UITextView+RACSignalSupport.h */,
			);
			name = ReactiveCocoa;
			path = "Products/Release-iphoneos/include/ReactiveCocoa";
			sourceTree = SOURCE_ROOT;
		};
		8239248E1A66B29C00AEC910 = {
			isa = PBXGroup;
			children = (
				823924C31A66B48300AEC910 /* Default-568h@2x.png */,
				823924991A66B29C00AEC910 /* OhMyGist */,
				823924B61A66B29C00AEC910 /* OhMyGistTests */,
				823924981A66B29C00AEC910 /* Products */,
			);
			sourceTree = "<group>";
		};
		823924981A66B29C00AEC910 /* Products */ = {
			isa = PBXGroup;
			children = (
				823924971A66B29C00AEC910 /* OhMyGist.app */,
				823924B31A66B29C00AEC910 /* OhMyGistTests.xctest */,
			);
			name = Products;
			sourceTree = "<group>";
		};
		823924991A66B29C00AEC910 /* OhMyGist */ = {
			isa = PBXGroup;
			children = (
				8239249E1A66B29C00AEC910 /* AppDelegate.h */,
				8239249F1A66B29C00AEC910 /* AppDelegate.m */,
				823924A11A66B29C00AEC910 /* FirstViewController.h */,
				823924A21A66B29C00AEC910 /* FirstViewController.m */,
				823924A41A66B29C00AEC910 /* SecondViewController.h */,
				823924A51A66B29C00AEC910 /* SecondViewController.m */,
				823924A71A66B29C00AEC910 /* Main.storyboard */,
				823924AA1A66B29C00AEC910 /* Images.xcassets */,
				8239249A1A66B29C00AEC910 /* Supporting Files */,
				823925DC1A66BE2600AEC910 /* FGNetworkClient.h */,
				823925DD1A66BE2600AEC910 /* FGNetworkClient.m */,
				823924C51A66BCE700AEC910 /* Vendor */,
			);
			path = OhMyGist;
			sourceTree = "<group>";
		};
		8239249A1A66B29C00AEC910 /* Supporting Files */ = {
			isa = PBXGroup;
			children = (
				8239249B1A66B29C00AEC910 /* Info.plist */,
				8239249C1A66B29C00AEC910 /* main.m */,
			);
			name = "Supporting Files";
			sourceTree = "<group>";
		};
		823924B61A66B29C00AEC910 /* OhMyGistTests */ = {
			isa = PBXGroup;
			children = (
				823924B91A66B29C00AEC910 /* OhMyGistTests.m */,
				823924B71A66B29C00AEC910 /* Supporting Files */,
			);
			path = OhMyGistTests;
			sourceTree = "<group>";
		};
		823924B71A66B29C00AEC910 /* Supporting Files */ = {
			isa = PBXGroup;
			children = (
				823924B81A66B29C00AEC910 /* Info.plist */,
			);
			name = "Supporting Files";
			sourceTree = "<group>";
		};
		823924C51A66BCE700AEC910 /* Vendor */ = {
			isa = PBXGroup;
			children = (
				8234C1431A6E26800098F0E1 /* libAFNetworking.a */,
				8234C1441A6E26800098F0E1 /* libISO8601DateFormatter.a */,
				8234C1451A6E26800098F0E1 /* libMantle-iOS.a */,
				8234C1461A6E26800098F0E1 /* libOctoKit.a */,
				8234C1471A6E26800098F0E1 /* libReactiveCocoa-iOS.a */,
				8234C0BE1A6E26030098F0E1 /* OctoKit */,
				8234C0A51A6E26030098F0E1 /* AFNetworking */,
				8234C0B01A6E26030098F0E1 /* ISO8601DateFormatter */,
				8234C0B21A6E26030098F0E1 /* Mantle */,
				8234C0F71A6E26030098F0E1 /* ReactiveCocoa */,
			);
			path = Vendor;
			sourceTree = "<group>";
		};
/* End PBXGroup section */

/* Begin PBXNativeTarget section */
		823924961A66B29C00AEC910 /* OhMyGist */ = {
			isa = PBXNativeTarget;
			buildConfigurationList = 823924BD1A66B29C00AEC910 /* Build configuration list for PBXNativeTarget "OhMyGist" */;
			buildPhases = (
				823924931A66B29C00AEC910 /* Sources */,
				823924941A66B29C00AEC910 /* Frameworks */,
				823924951A66B29C00AEC910 /* Resources */,
			);
			buildRules = (
			);
			dependencies = (
			);
			name = OhMyGist;
			productName = OhMyGist;
			productReference = 823924971A66B29C00AEC910 /* OhMyGist.app */;
			productType = "com.apple.product-type.application";
		};
		823924B21A66B29C00AEC910 /* OhMyGistTests */ = {
			isa = PBXNativeTarget;
			buildConfigurationList = 823924C01A66B29C00AEC910 /* Build configuration list for PBXNativeTarget "OhMyGistTests" */;
			buildPhases = (
				823924AF1A66B29C00AEC910 /* Sources */,
				823924B01A66B29C00AEC910 /* Frameworks */,
				823924B11A66B29C00AEC910 /* Resources */,
			);
			buildRules = (
			);
			dependencies = (
				823924B51A66B29C00AEC910 /* PBXTargetDependency */,
			);
			name = OhMyGistTests;
			productName = OhMyGistTests;
			productReference = 823924B31A66B29C00AEC910 /* OhMyGistTests.xctest */;
			productType = "com.apple.product-type.bundle.unit-test";
		};
/* End PBXNativeTarget section */

/* Begin PBXProject section */
		8239248F1A66B29C00AEC910 /* Project object */ = {
			isa = PBXProject;
			attributes = {
				LastUpgradeCheck = 0610;
				ORGANIZATIONNAME = wangzz;
				TargetAttributes = {
					823924961A66B29C00AEC910 = {
						CreatedOnToolsVersion = 6.1;
					};
					823924B21A66B29C00AEC910 = {
						CreatedOnToolsVersion = 6.1;
						TestTargetID = 823924961A66B29C00AEC910;
					};
				};
			};
			buildConfigurationList = 823924921A66B29C00AEC910 /* Build configuration list for PBXProject "OhMyGist" */;
			compatibilityVersion = "Xcode 3.2";
			developmentRegion = English;
			hasScannedForEncodings = 0;
			knownRegions = (
				en,
				Base,
			);
			mainGroup = 8239248E1A66B29C00AEC910;
			productRefGroup = 823924981A66B29C00AEC910 /* Products */;
			projectDirPath = "";
			projectRoot = "";
			targets = (
				823924961A66B29C00AEC910 /* OhMyGist */,
				823924B21A66B29C00AEC910 /* OhMyGistTests */,
			);
		};
/* End PBXProject section */

/* Begin PBXResourcesBuildPhase section */
		823924951A66B29C00AEC910 /* Resources */ = {
			isa = PBXResourcesBuildPhase;
			buildActionMask = 2147483647;
			files = (
				823924A91A66B29C00AEC910 /* Main.storyboard in Resources */,
				823924AB1A66B29C00AEC910 /* Images.xcassets in Resources */,
				823924C41A66B48300AEC910 /* Default-568h@2x.png in Resources */,
			);
			runOnlyForDeploymentPostprocessing = 0;
		};
		823924B11A66B29C00AEC910 /* Resources */ = {
			isa = PBXResourcesBuildPhase;
			buildActionMask = 2147483647;
			files = (
			);
			runOnlyForDeploymentPostprocessing = 0;
		};
/* End PBXResourcesBuildPhase section */

/* Begin PBXSourcesBuildPhase section */
		823924931A66B29C00AEC910 /* Sources */ = {
			isa = PBXSourcesBuildPhase;
			buildActionMask = 2147483647;
			files = (
				823925DE1A66BE2600AEC910 /* FGNetworkClient.m in Sources */,
				823924A61A66B29C00AEC910 /* SecondViewController.m in Sources */,
				823924A01A66B29C00AEC910 /* AppDelegate.m in Sources */,
				823924A31A66B29C00AEC910 /* FirstViewController.m in Sources */,
				8239249D1A66B29C00AEC910 /* main.m in Sources */,
			);
			runOnlyForDeploymentPostprocessing = 0;
		};
		823924AF1A66B29C00AEC910 /* Sources */ = {
			isa = PBXSourcesBuildPhase;
			buildActionMask = 2147483647;
			files = (
				823924BA1A66B29C00AEC910 /* OhMyGistTests.m in Sources */,
			);
			runOnlyForDeploymentPostprocessing = 0;
		};
/* End PBXSourcesBuildPhase section */

/* Begin PBXTargetDependency section */
		823924B51A66B29C00AEC910 /* PBXTargetDependency */ = {
			isa = PBXTargetDependency;
			target = 823924961A66B29C00AEC910 /* OhMyGist */;
			targetProxy = 823924B41A66B29C00AEC910 /* PBXContainerItemProxy */;
		};
/* End PBXTargetDependency section */

/* Begin PBXVariantGroup section */
		823924A71A66B29C00AEC910 /* Main.storyboard */ = {
			isa = PBXVariantGroup;
			children = (
				823924A81A66B29C00AEC910 /* Base */,
			);
			name = Main.storyboard;
			sourceTree = "<group>";
		};
/* End PBXVariantGroup section */

/* Begin XCBuildConfiguration section */
		823924BB1A66B29C00AEC910 /* Debug */ = {
			isa = XCBuildConfiguration;
			buildSettings = {
				ALWAYS_SEARCH_USER_PATHS = NO;
				CLANG_CXX_LANGUAGE_STANDARD = "gnu++0x";
				CLANG_CXX_LIBRARY = "libc++";
				CLANG_ENABLE_MODULES = YES;
				CLANG_ENABLE_OBJC_ARC = YES;
				CLANG_WARN_BOOL_CONVERSION = YES;
				CLANG_WARN_CONSTANT_CONVERSION = YES;
				CLANG_WARN_DIRECT_OBJC_ISA_USAGE = YES_ERROR;
				CLANG_WARN_EMPTY_BODY = YES;
				CLANG_WARN_ENUM_CONVERSION = YES;
				CLANG_WARN_INT_CONVERSION = YES;
				CLANG_WARN_OBJC_ROOT_CLASS = YES_ERROR;
				CLANG_WARN_UNREACHABLE_CODE = YES;
				CLANG_WARN__DUPLICATE_METHOD_MATCH = YES;
				"CODE_SIGN_IDENTITY[sdk=iphoneos*]" = "iPhone Developer";
				COPY_PHASE_STRIP = NO;
				ENABLE_STRICT_OBJC_MSGSEND = YES;
				GCC_C_LANGUAGE_STANDARD = gnu99;
				GCC_DYNAMIC_NO_PIC = NO;
				GCC_OPTIMIZATION_LEVEL = 0;
				GCC_PREPROCESSOR_DEFINITIONS = (
					"DEBUG=1",
					"$(inherited)",
				);
				GCC_SYMBOLS_PRIVATE_EXTERN = NO;
				GCC_WARN_64_TO_32_BIT_CONVERSION = YES;
				GCC_WARN_ABOUT_RETURN_TYPE = YES_ERROR;
				GCC_WARN_UNDECLARED_SELECTOR = YES;
				GCC_WARN_UNINITIALIZED_AUTOS = YES_AGGRESSIVE;
				GCC_WARN_UNUSED_FUNCTION = YES;
				GCC_WARN_UNUSED_VARIABLE = YES;
				IPHONEOS_DEPLOYMENT_TARGET = 8.1;
				MTL_ENABLE_DEBUG_INFO = YES;
				ONLY_ACTIVE_ARCH = YES;
				SDKROOT = iphoneos;
			};
			name = Debug;
		};
		823924BC1A66B29C00AEC910 /* Release */ = {
			isa = XCBuildConfiguration;
			buildSettings = {
				ALWAYS_SEARCH_USER_PATHS = NO;
				CLANG_CXX_LANGUAGE_STANDARD = "gnu++0x";
				CLANG_CXX_LIBRARY = "libc++";
				CLANG_ENABLE_MODULES = YES;
				CLANG_ENABLE_OBJC_ARC = YES;
				CLANG_WARN_BOOL_CONVERSION = YES;
				CLANG_WARN_CONSTANT_CONVERSION = YES;
				CLANG_WARN_DIRECT_OBJC_ISA_USAGE = YES_ERROR;
				CLANG_WARN_EMPTY_BODY = YES;
				CLANG_WARN_ENUM_CONVERSION = YES;
				CLANG_WARN_INT_CONVERSION = YES;
				CLANG_WARN_OBJC_ROOT_CLASS = YES_ERROR;
				CLANG_WARN_UNREACHABLE_CODE = YES;
				CLANG_WARN__DUPLICATE_METHOD_MATCH = YES;
				"CODE_SIGN_IDENTITY[sdk=iphoneos*]" = "iPhone Developer";
				COPY_PHASE_STRIP = YES;
				ENABLE_NS_ASSERTIONS = NO;
				ENABLE_STRICT_OBJC_MSGSEND = YES;
				GCC_C_LANGUAGE_STANDARD = gnu99;
				GCC_WARN_64_TO_32_BIT_CONVERSION = YES;
				GCC_WARN_ABOUT_RETURN_TYPE = YES_ERROR;
				GCC_WARN_UNDECLARED_SELECTOR = YES;
				GCC_WARN_UNINITIALIZED_AUTOS = YES_AGGRESSIVE;
				GCC_WARN_UNUSED_FUNCTION = YES;
				GCC_WARN_UNUSED_VARIABLE = YES;
				IPHONEOS_DEPLOYMENT_TARGET = 8.1;
				MTL_ENABLE_DEBUG_INFO = NO;
				SDKROOT = iphoneos;
				VALIDATE_PRODUCT = YES;
			};
			name = Release;
		};
		823924BE1A66B29C00AEC910 /* Debug */ = {
			isa = XCBuildConfiguration;
			buildSettings = {
				ASSETCATALOG_COMPILER_APPICON_NAME = AppIcon;
				INFOPLIST_FILE = OhMyGist/Info.plist;
				IPHONEOS_DEPLOYMENT_TARGET = 7.0;
				LD_RUNPATH_SEARCH_PATHS = "$(inherited) @executable_path/Frameworks";
				LIBRARY_SEARCH_PATHS = (
					"$(inherited)",
					"$(PROJECT_DIR)/Products",
				);
				PRODUCT_NAME = "$(TARGET_NAME)";
			};
			name = Debug;
		};
		823924BF1A66B29C00AEC910 /* Release */ = {
			isa = XCBuildConfiguration;
			buildSettings = {
				ASSETCATALOG_COMPILER_APPICON_NAME = AppIcon;
				INFOPLIST_FILE = OhMyGist/Info.plist;
				IPHONEOS_DEPLOYMENT_TARGET = 7.0;
				LD_RUNPATH_SEARCH_PATHS = "$(inherited) @executable_path/Frameworks";
				LIBRARY_SEARCH_PATHS = (
					"$(inherited)",
					"$(PROJECT_DIR)/Products",
				);
				PRODUCT_NAME = "$(TARGET_NAME)";
			};
			name = Release;
		};
		823924C11A66B29C00AEC910 /* Debug */ = {
			isa = XCBuildConfiguration;
			buildSettings = {
				BUNDLE_LOADER = "$(TEST_HOST)";
				FRAMEWORK_SEARCH_PATHS = (
					"$(SDKROOT)/Developer/Library/Frameworks",
					"$(inherited)",
				);
				GCC_PREPROCESSOR_DEFINITIONS = (
					"DEBUG=1",
					"$(inherited)",
				);
				INFOPLIST_FILE = OhMyGistTests/Info.plist;
				LD_RUNPATH_SEARCH_PATHS = "$(inherited) @executable_path/Frameworks @loader_path/Frameworks";
				PRODUCT_NAME = "$(TARGET_NAME)";
				TEST_HOST = "$(BUILT_PRODUCTS_DIR)/OhMyGist.app/OhMyGist";
			};
			name = Debug;
		};
		823924C21A66B29C00AEC910 /* Release */ = {
			isa = XCBuildConfiguration;
			buildSettings = {
				BUNDLE_LOADER = "$(TEST_HOST)";
				FRAMEWORK_SEARCH_PATHS = (
					"$(SDKROOT)/Developer/Library/Frameworks",
					"$(inherited)",
				);
				INFOPLIST_FILE = OhMyGistTests/Info.plist;
				LD_RUNPATH_SEARCH_PATHS = "$(inherited) @executable_path/Frameworks @loader_path/Frameworks";
				PRODUCT_NAME = "$(TARGET_NAME)";
				TEST_HOST = "$(BUILT_PRODUCTS_DIR)/OhMyGist.app/OhMyGist";
			};
			name = Release;
		};
/* End XCBuildConfiguration section */

/* Begin XCConfigurationList section */
		823924921A66B29C00AEC910 /* Build configuration list for PBXProject "OhMyGist" */ = {
			isa = XCConfigurationList;
			buildConfigurations = (
				823924BB1A66B29C00AEC910 /* Debug */,
				823924BC1A66B29C00AEC910 /* Release */,
			);
			defaultConfigurationIsVisible = 0;
			defaultConfigurationName = Release;
		};
		823924BD1A66B29C00AEC910 /* Build configuration list for PBXNativeTarget "OhMyGist" */ = {
			isa = XCConfigurationList;
			buildConfigurations = (
				823924BE1A66B29C00AEC910 /* Debug */,
				823924BF1A66B29C00AEC910 /* Release */,
			);
			defaultConfigurationIsVisible = 0;
			defaultConfigurationName = Release;
		};
		823924C01A66B29C00AEC910 /* Build configuration list for PBXNativeTarget "OhMyGistTests" */ = {
			isa = XCConfigurationList;
			buildConfigurations = (
				823924C11A66B29C00AEC910 /* Debug */,
				823924C21A66B29C00AEC910 /* Release */,
			);
			defaultConfigurationIsVisible = 0;
			defaultConfigurationName = Release;
		};
/* End XCConfigurationList section */
	};
	rootObject = 8239248F1A66B29C00AEC910 /* Project object */;
}
